// !$*UTF8*$!
{
	archiveVersion = 1;
	classes = {
	};
	objectVersion = 48;
	objects = {

/* Begin PBXBuildFile section */
		BA667B9C1FE3E6AA0050EA7C /* AppDelegate.swift in Sources */ = {isa = PBXBuildFile; fileRef = BA667B9B1FE3E6AA0050EA7C /* AppDelegate.swift */; };
		BA667B9E1FE3E6AA0050EA7C /* ViewController.swift in Sources */ = {isa = PBXBuildFile; fileRef = BA667B9D1FE3E6AA0050EA7C /* ViewController.swift */; };
		BA667BA11FE3E6AA0050EA7C /* Main.storyboard in Resources */ = {isa = PBXBuildFile; fileRef = BA667B9F1FE3E6AA0050EA7C /* Main.storyboard */; };
		BA667BA31FE3E6AA0050EA7C /* Assets.xcassets in Resources */ = {isa = PBXBuildFile; fileRef = BA667BA21FE3E6AA0050EA7C /* Assets.xcassets */; };
		BA667BA61FE3E6AA0050EA7C /* LaunchScreen.storyboard in Resources */ = {isa = PBXBuildFile; fileRef = BA667BA41FE3E6AA0050EA7C /* LaunchScreen.storyboard */; };
		BA667BAF1FE3E7EB0050EA7C /* DrawableView.swift in Sources */ = {isa = PBXBuildFile; fileRef = BA667BAE1FE3E7EB0050EA7C /* DrawableView.swift */; };
/* End PBXBuildFile section */

/* Begin PBXFileReference section */
		BA667B981FE3E6AA0050EA7C /* SMSquareDrawing.app */ = {isa = PBXFileReference; explicitFileType = wrapper.application; includeInIndex = 0; path = SMSquareDrawing.app; sourceTree = BUILT_PRODUCTS_DIR; };
		BA667B9B1FE3E6AA0050EA7C /* AppDelegate.swift */ = {isa = PBXFileReference; lastKnownFileType = sourcecode.swift; path = AppDelegate.swift; sourceTree = "<group>"; };
		BA667B9D1FE3E6AA0050EA7C /* ViewController.swift */ = {isa = PBXFileReference; lastKnownFileType = sourcecode.swift; path = ViewController.swift; sourceTree = "<group>"; };
		BA667BA01FE3E6AA0050EA7C /* Base */ = {isa = PBXFileReference; lastKnownFileType = file.storyboard; name = Base; path = Base.lproj/Main.storyboard; sourceTree = "<group>"; };
		BA667BA21FE3E6AA0050EA7C /* Assets.xcassets */ = {isa = PBXFileReference; lastKnownFileType = folder.assetcatalog; path = Assets.xcassets; sourceTree = "<group>"; };
		BA667BA51FE3E6AA0050EA7C /* Base */ = {isa = PBXFileReference; lastKnownFileType = file.storyboard; name = Base; path = Base.lproj/LaunchScreen.storyboard; sourceTree = "<group>"; };
		BA667BA71FE3E6AA0050EA7C /* Info.plist */ = {isa = PBXFileReference; lastKnownFileType = text.plist.xml; path = Info.plist; sourceTree = "<group>"; };
		BA667BAE1FE3E7EB0050EA7C /* DrawableView.swift */ = {isa = PBXFileReference; lastKnownFileType = sourcecode.swift; path = DrawableView.swift; sourceTree = "<group>"; };
/* End PBXFileReference section */

/* Begin PBXFrameworksBuildPhase section */
		BA667B951FE3E6AA0050EA7C /* Frameworks */ = {
			isa = PBXFrameworksBuildPhase;
			buildActionMask = 2147483647;
			files = (
			);
			runOnlyForDeploymentPostprocessing = 0;
		};
/* End PBXFrameworksBuildPhase section */

/* Begin PBXGroup section */
		BA667B8F1FE3E6AA0050EA7C = {
			isa = PBXGroup;
			children = (
				BA667B9A1FE3E6AA0050EA7C /* SMSquareDrawing */,
				BA667B991FE3E6AA0050EA7C /* Products */,
			);
			sourceTree = "<group>";
		};
		BA667B991FE3E6AA0050EA7C /* Products */ = {
			isa = PBXGroup;
			children = (
				BA667B981FE3E6AA0050EA7C /* SMSquareDrawing.app */,
			);
			name = Products;
			sourceTree = "<group>";
		};
		BA667B9A1FE3E6AA0050EA7C /* SMSquareDrawing */ = {
			isa = PBXGroup;
			children = (
				BA667BAD1FE3E6B70050EA7C /* DrawableView */,
				BA667B9B1FE3E6AA0050EA7C /* AppDelegate.swift */,
				BA667B9D1FE3E6AA0050EA7C /* ViewController.swift */,
				BA667B9F1FE3E6AA0050EA7C /* Main.storyboard */,
				BA667BA21FE3E6AA0050EA7C /* Assets.xcassets */,
				BA667BA41FE3E6AA0050EA7C /* LaunchScreen.storyboard */,
				BA667BA71FE3E6AA0050EA7C /* Info.plist */,
			);
			path = SMSquareDrawing;
			sourceTree = "<group>";
		};
		BA667BAD1FE3E6B70050EA7C /* DrawableView */ = {
			isa = PBXGroup;
			children = (
				BA667BAE1FE3E7EB0050EA7C /* DrawableView.swift */,
			);
			path = DrawableView;
			sourceTree = "<group>";
		};
/* End PBXGroup section */

/* Begin PBXNativeTarget section */
		BA667B971FE3E6AA0050EA7C /* SMSquareDrawing */ = {
			isa = PBXNativeTarget;
			buildConfigurationList = BA667BAA1FE3E6AA0050EA7C /* Build configuration list for PBXNativeTarget "SMSquareDrawing" */;
			buildPhases = (
				BA667B941FE3E6AA0050EA7C /* Sources */,
				BA667B951FE3E6AA0050EA7C /* Frameworks */,
				BA667B961FE3E6AA0050EA7C /* Resources */,
			);
			buildRules = (
			);
			dependencies = (
			);
			name = SMSquareDrawing;
			productName = SMSquareDrawing;
			productReference = BA667B981FE3E6AA0050EA7C /* SMSquareDrawing.app */;
			productType = "com.apple.product-type.application";
		};
/* End PBXNativeTarget section */

/* Begin PBXProject section */
		BA667B901FE3E6AA0050EA7C /* Project object */ = {
			isa = PBXProject;
			attributes = {
				LastSwiftUpdateCheck = 0900;
				LastUpgradeCheck = 0900;
				ORGANIZATIONNAME = SunilMaurya;
				TargetAttributes = {
					BA667B971FE3E6AA0050EA7C = {
						CreatedOnToolsVersion = 9.0;
						ProvisioningStyle = Automatic;
					};
				};
			};
			buildConfigurationList = BA667B931FE3E6AA0050EA7C /* Build configuration list for PBXProject "SMSquareDrawing" */;
			compatibilityVersion = "Xcode 8.0";
			developmentRegion = en;
			hasScannedForEncodings = 0;
			knownRegions = (
				en,
				Base,
			);
			mainGroup = BA667B8F1FE3E6AA0050EA7C;
			productRefGroup = BA667B991FE3E6AA0050EA7C /* Products */;
			projectDirPath = "";
			projectRoot = "";
			targets = (
				BA667B971FE3E6AA0050EA7C /* SMSquareDrawing */,
			);
		};
/* End PBXProject section */

/* Begin PBXResourcesBuildPhase section */
		BA667B961FE3E6AA0050EA7C /* Resources */ = {
			isa = PBXResourcesBuildPhase;
			buildActionMask = 2147483647;
			files = (
				BA667BA61FE3E6AA0050EA7C /* LaunchScreen.storyboard in Resources */,
				BA667BA31FE3E6AA0050EA7C /* Assets.xcassets in Resources */,
				BA667BA11FE3E6AA0050EA7C /* Main.storyboard in Resources */,
			);
			runOnlyForDeploymentPostprocessing = 0;
		};
/* End PBXResourcesBuildPhase section */

/* Begin PBXSourcesBuildPhase section */
		BA667B941FE3E6AA0050EA7C /* Sources */ = {
			isa = PBXSourcesBuildPhase;
			buildActionMask = 2147483647;
			files = (
				BA667BAF1FE3E7EB0050EA7C /* DrawableView.swift in Sources */,
				BA667B9E1FE3E6AA0050EA7C /* ViewController.swift in Sources */,
				BA667B9C1FE3E6AA0050EA7C /* AppDelegate.swift in Sources */,
			);
			runOnlyForDeploymentPostprocessing = 0;
		};
/* End PBXSourcesBuildPhase section */

/* Begin PBXVariantGroup section */
		BA667B9F1FE3E6AA0050EA7C /* Main.storyboard */ = {
			isa = PBXVariantGroup;
			children = (
				BA667BA01FE3E6AA0050EA7C /* Base */,
			);
			name = Main.storyboard;
			sourceTree = "<group>";
		};
		BA667BA41FE3E6AA0050EA7C /* LaunchScreen.storyboard */ = {
			isa = PBXVariantGroup;
			children = (
				BA667BA51FE3E6AA0050EA7C /* Base */,
			);
			name = LaunchScreen.storyboard;
			sourceTree = "<group>";
		};
/* End PBXVariantGroup section */

/* Begin XCBuildConfiguration section */
		BA667BA81FE3E6AA0050EA7C /* Debug */ = {
			isa = XCBuildConfiguration;
			buildSettings = {
				ALWAYS_SEARCH_USER_PATHS = NO;
				CLANG_ANALYZER_NONNULL = YES;
				CLANG_ANALYZER_NUMBER_OBJECT_CONVERSION = YES_AGGRESSIVE;
				CLANG_CXX_LANGUAGE_STANDARD = "gnu++14";
				CLANG_CXX_LIBRARY = "libc++";
				CLANG_ENABLE_MODULES = YES;
				CLANG_ENABLE_OBJC_ARC = YES;
				CLANG_WARN_BLOCK_CAPTURE_AUTORELEASING = YES;
				CLANG_WARN_BOOL_CONVERSION = YES;
				CLANG_WARN_COMMA = YES;
				CLANG_WARN_CONSTANT_CONVERSION = YES;
				CLANG_WARN_DIRECT_OBJC_ISA_USAGE = YES_ERROR;
				CLANG_WARN_DOCUMENTATION_COMMENTS = YES;
				CLANG_WARN_EMPTY_BODY = YES;
				CLANG_WARN_ENUM_CONVERSION = YES;
				CLANG_WARN_INFINITE_RECURSION = YES;
				CLANG_WARN_INT_CONVERSION = YES;
				CLANG_WARN_NON_LITERAL_NULL_CONVERSION = YES;
				CLANG_WARN_OBJC_LITERAL_CONVERSION = YES;
				CLANG_WARN_OBJC_ROOT_CLASS = YES_ERROR;
				CLANG_WARN_RANGE_LOOP_ANALYSIS = YES;
				CLANG_WARN_STRICT_PROTOTYPES = YES;
				CLANG_WARN_SUSPICIOUS_MOVE = YES;
				CLANG_WARN_UNGUARDED_AVAILABILITY = YES_AGGRESSIVE;
				CLANG_WARN_UNREACHABLE_CODE = YES;
				CLANG_WARN__DUPLICATE_METHOD_MATCH = YES;
				CODE_SIGN_IDENTITY = "iPhone Developer";
				COPY_PHASE_STRIP = NO;
				DEBUG_INFORMATION_FORMAT = dwarf;
				ENABLE_STRICT_OBJC_MSGSEND = YES;
				ENABLE_TESTABILITY = YES;
				GCC_C_LANGUAGE_STANDARD = gnu11;
				GCC_DYNAMIC_NO_PIC = NO;
				GCC_NO_COMMON_BLOCKS = YES;
				GCC_OPTIMIZATION_LEVEL = 0;
				GCC_PREPROCESSOR_DEFINITIONS = (
					"DEBUG=1",
					"$(inherited)",
				);
				GCC_WARN_64_TO_32_BIT_CONVERSION = YES;
				GCC_WARN_ABOUT_RETURN_TYPE = YES_ERROR;
				GCC_WARN_UNDECLARED_SELECTOR = YES;
				GCC_WARN_UNINITIALIZED_AUTOS = YES_AGGRESSIVE;
				GCC_WARN_UNUSED_FUNCTION = YES;
				GCC_WARN_UNUSED_VARIABLE = YES;
				IPHONEOS_DEPLOYMENT_TARGET = 11.0;
				MTL_ENABLE_DEBUG_INFO = YES;
				ONLY_ACTIVE_ARCH = YES;
				SDKROOT = iphoneos;
				SWIFT_ACTIVE_COMPILATION_CONDITIONS = DEBUG;
				SWIFT_OPTIMIZATION_LEVEL = "-Onone";
			};
			name = Debug;
		};
		BA667BA91FE3E6AA0050EA7C /* Release */ = {
			isa = XCBuildConfiguration;
			buildSettings = {
				ALWAYS_SEARCH_USER_PATHS = NO;
				CLANG_ANALYZER_NONNULL = YES;
				CLANG_ANALYZER_NUMBER_OBJECT_CONVERSION = YES_AGGRESSIVE;
				CLANG_CXX_LANGUAGE_STANDARD = "gnu++14";
				CLANG_CXX_LIBRARY = "libc++";
				CLANG_ENABLE_MODULES = YES;
				CLANG_ENABLE_OBJC_ARC = YES;
				CLANG_WARN_BLOCK_CAPTURE_AUTORELEASING = YES;
				CLANG_WARN_BOOL_CONVERSION = YES;
				CLANG_WARN_COMMA = YES;
				CLANG_WARN_CONSTANT_CONVERSION = YES;
				CLANG_WARN_DIRECT_OBJC_ISA_USAGE = YES_ERROR;
				CLANG_WARN_DOCUMENTATION_COMMENTS = YES;
				CLANG_WARN_EMPTY_BODY = YES;
				CLANG_WARN_ENUM_CONVERSION = YES;
				CLANG_WARN_INFINITE_RECURSION = YES;
				CLANG_WARN_INT_CONVERSION = YES;
				CLANG_WARN_NON_LITERAL_NULL_CONVERSION = YES;
				CLANG_WARN_OBJC_LITERAL_CONVERSION = YES;
				CLANG_WARN_OBJC_ROOT_CLASS = YES_ERROR;
				CLANG_WARN_RANGE_LOOP_ANALYSIS = YES;
				CLANG_WARN_STRICT_PROTOTYPES = YES;
				CLANG_WARN_SUSPICIOUS_MOVE = YES;
				CLANG_WARN_UNGUARDED_AVAILABILITY = YES_AGGRESSIVE;
				CLANG_WARN_UNREACHABLE_CODE = YES;
				CLANG_WARN__DUPLICATE_METHOD_MATCH = YES;
				CODE_SIGN_IDENTITY = "iPhone Developer";
				COPY_PHASE_STRIP = NO;
				DEBUG_INFORMATION_FORMAT = "dwarf-with-dsym";
				ENABLE_NS_ASSERTIONS = NO;
				ENABLE_STRICT_OBJC_MSGSEND = YES;
				GCC_C_LANGUAGE_STANDARD = gnu11;
				GCC_NO_COMMON_BLOCKS = YES;
				GCC_WARN_64_TO_32_BIT_CONVERSION = YES;
				GCC_WARN_ABOUT_RETURN_TYPE = YES_ERROR;
				GCC_WARN_UNDECLARED_SELECTOR = YES;
				GCC_WARN_UNINITIALIZED_AUTOS = YES_AGGRESSIVE;
				GCC_WARN_UNUSED_FUNCTION = YES;
				GCC_WARN_UNUSED_VARIABLE = YES;
				IPHONEOS_DEPLOYMENT_TARGET = 11.0;
				MTL_ENABLE_DEBUG_INFO = NO;
				SDKROOT = iphoneos;
				SWIFT_OPTIMIZATION_LEVEL = "-Owholemodule";
				VALIDATE_PRODUCT = YES;
			};
			name = Release;
		};
		BA667BAB1FE3E6AA0050EA7C /* Debug */ = {
			isa = XCBuildConfiguration;
			buildSettings = {
				ASSETCATALOG_COMPILER_APPICON_NAME = AppIcon;
				CODE_SIGN_STYLE = Automatic;
				DEVELOPMENT_TEAM = GK52FE3UQU;
				INFOPLIST_FILE = SMSquareDrawing/Info.plist;
				LD_RUNPATH_SEARCH_PATHS = "$(inherited) @executable_path/Frameworks";
				PRODUCT_BUNDLE_IDENTIFIER = SN.SMSquareDrawing;
				PRODUCT_NAME = "$(TARGET_NAME)";
				SWIFT_VERSION = 4.0;
				TARGETED_DEVICE_FAMILY = "1,2";
			};
			name = Debug;
		};
		BA667BAC1FE3E6AA0050EA7C /* Release */ = {
			isa = XCBuildConfiguration;
			buildSettings = {
				ASSETCATALOG_COMPILER_APPICON_NAME = AppIcon;
				CODE_SIGN_STYLE = Automatic;
				DEVELOPMENT_TEAM = GK52FE3UQU;
				INFOPLIST_FILE = SMSquareDrawing/Info.plist;
				LD_RUNPATH_SEARCH_PATHS = "$(inherited) @executable_path/Frameworks";
				PRODUCT_BUNDLE_IDENTIFIER = SN.SMSquareDrawing;
				PRODUCT_NAME = "$(TARGET_NAME)";
				SWIFT_VERSION = 4.0;
				TARGETED_DEVICE_FAMILY = "1,2";
			};
			name = Release;
		};
/* End XCBuildConfiguration section */

/* Begin XCConfigurationList section */
		BA667B931FE3E6AA0050EA7C /* Build configuration list for PBXProject "SMSquareDrawing" */ = {
			isa = XCConfigurationList;
			buildConfigurations = (
				BA667BA81FE3E6AA0050EA7C /* Debug */,
				BA667BA91FE3E6AA0050EA7C /* Release */,
			);
			defaultConfigurationIsVisible = 0;
			defaultConfigurationName = Release;
		};
		BA667BAA1FE3E6AA0050EA7C /* Build configuration list for PBXNativeTarget "SMSquareDrawing" */ = {
			isa = XCConfigurationList;
			buildConfigurations = (
				BA667BAB1FE3E6AA0050EA7C /* Debug */,
				BA667BAC1FE3E6AA0050EA7C /* Release */,
			);
			defaultConfigurationIsVisible = 0;
			defaultConfigurationName = Release;
		};
/* End XCConfigurationList section */
	};
	rootObject = BA667B901FE3E6AA0050EA7C /* Project object */;
}
